
Microsoft Visual Studio Solution File, Format Version 12.00
# Visual Studio Version 17
VisualStudioVersion = 17.0.32014.148
MinimumVisualStudioVersion = 10.0.40219.1
Project("{FAE04EC0-301F-11D3-BF4B-00C04F79EFBC}") = "list lat lesson", "list lat lesson\list lat lesson.csproj", "{0B8F83C9-E5FA-40C9-94B5-8136092C6624}"
EndProject
Global
	GlobalSection(SolutionConfigurationPlatforms) = preSolution
		Debug|Any CPU = Debug|Any CPU
		Release|Any CPU = Release|Any CPU
	EndGlobalSection
	GlobalSection(ProjectConfigurationPlatforms) = postSolution
		{0B8F83C9-E5FA-40C9-94B5-8136092C6624}.Debug|Any CPU.ActiveCfg = Debug|Any CPU
		{0B8F83C9-E5FA-40C9-94B5-8136092C6624}.Debug|Any CPU.Build.0 = Debug|Any CPU
		{0B8F83C9-E5FA-40C9-94B5-8136092C6624}.Release|Any CPU.ActiveCfg = Release|Any CPU
		{0B8F83C9-E5FA-40C9-94B5-8136092C6624}.Release|Any CPU.Build.0 = Release|Any CPU
	EndGlobalSection
	GlobalSection(SolutionProperties) = preSolution
		HideSolutionNode = FALSE
	EndGlobalSection
	GlobalSection(ExtensibilityGlobals) = postSolution
		SolutionGuid = {E8D388D4-8A28-4169-ABCA-BB6090AFF083}
	EndGlobalSection
EndGlobal
